
Microsoft Visual Studio Solution File, Format Version 12.00
# Visual Studio Version 16
VisualStudioVersion = 16.0.31613.86
MinimumVisualStudioVersion = 10.0.40219.1
Project("{9A19103F-16F7-4668-BE54-9A1E7A4F7556}") = "ContactManager.Data", "ContactManager.Data\ContactManager.Data.csproj", "{91A8C9A9-23E5-4341-8B8E-6BBBD0775EE3}"
EndProject
Project("{9A19103F-16F7-4668-BE54-9A1E7A4F7556}") = "ContactManager.Repository", "ContactManager.Repository\ContactManager.Repository.csproj", "{6133AC2B-AD1D-4569-B392-DD6732F7A921}"
EndProject
Project("{9A19103F-16F7-4668-BE54-9A1E7A4F7556}") = "ContactManager.Model", "ContactManager.Model\ContactManager.Model.csproj", "{EAFEFE85-7DB3-4EBD-8E01-F5ABC19B36D0}"
EndProject
Project("{9A19103F-16F7-4668-BE54-9A1E7A4F7556}") = "ContactManager.Services", "ContactManager.Services\ContactManager.Services.csproj", "{FA6A9C23-E8E2-4D7A-B335-8358D716DFCE}"
EndProject
Project("{FAE04EC0-301F-11D3-BF4B-00C04F79EFBC}") = "ContactManager.API", "ContactManager.API\ContactManager.API.csproj", "{4E720CEF-E015-480F-ACAB-9BA69E6A91C5}"
EndProject
Global
	GlobalSection(SolutionConfigurationPlatforms) = preSolution
		Debug|Any CPU = Debug|Any CPU
		Release|Any CPU = Release|Any CPU
	EndGlobalSection
	GlobalSection(ProjectConfigurationPlatforms) = postSolution
		{91A8C9A9-23E5-4341-8B8E-6BBBD0775EE3}.Debug|Any CPU.ActiveCfg = Debug|Any CPU
		{91A8C9A9-23E5-4341-8B8E-6BBBD0775EE3}.Debug|Any CPU.Build.0 = Debug|Any CPU
		{91A8C9A9-23E5-4341-8B8E-6BBBD0775EE3}.Release|Any CPU.ActiveCfg = Release|Any CPU
		{91A8C9A9-23E5-4341-8B8E-6BBBD0775EE3}.Release|Any CPU.Build.0 = Release|Any CPU
		{6133AC2B-AD1D-4569-B392-DD6732F7A921}.Debug|Any CPU.ActiveCfg = Debug|Any CPU
		{6133AC2B-AD1D-4569-B392-DD6732F7A921}.Debug|Any CPU.Build.0 = Debug|Any CPU
		{6133AC2B-AD1D-4569-B392-DD6732F7A921}.Release|Any CPU.ActiveCfg = Release|Any CPU
		{6133AC2B-AD1D-4569-B392-DD6732F7A921}.Release|Any CPU.Build.0 = Release|Any CPU
		{EAFEFE85-7DB3-4EBD-8E01-F5ABC19B36D0}.Debug|Any CPU.ActiveCfg = Debug|Any CPU
		{EAFEFE85-7DB3-4EBD-8E01-F5ABC19B36D0}.Debug|Any CPU.Build.0 = Debug|Any CPU
		{EAFEFE85-7DB3-4EBD-8E01-F5ABC19B36D0}.Release|Any CPU.ActiveCfg = Release|Any CPU
		{EAFEFE85-7DB3-4EBD-8E01-F5ABC19B36D0}.Release|Any CPU.Build.0 = Release|Any CPU
		{FA6A9C23-E8E2-4D7A-B335-8358D716DFCE}.Debug|Any CPU.ActiveCfg = Debug|Any CPU
		{FA6A9C23-E8E2-4D7A-B335-8358D716DFCE}.Debug|Any CPU.Build.0 = Debug|Any CPU
		{FA6A9C23-E8E2-4D7A-B335-8358D716DFCE}.Release|Any CPU.ActiveCfg = Release|Any CPU
		{FA6A9C23-E8E2-4D7A-B335-8358D716DFCE}.Release|Any CPU.Build.0 = Release|Any CPU
		{4E720CEF-E015-480F-ACAB-9BA69E6A91C5}.Debug|Any CPU.ActiveCfg = Debug|Any CPU
		{4E720CEF-E015-480F-ACAB-9BA69E6A91C5}.Debug|Any CPU.Build.0 = Debug|Any CPU
		{4E720CEF-E015-480F-ACAB-9BA69E6A91C5}.Release|Any CPU.ActiveCfg = Release|Any CPU
		{4E720CEF-E015-480F-ACAB-9BA69E6A91C5}.Release|Any CPU.Build.0 = Release|Any CPU
	EndGlobalSection
	GlobalSection(SolutionProperties) = preSolution
		HideSolutionNode = FALSE
	EndGlobalSection
	GlobalSection(ExtensibilityGlobals) = postSolution
		SolutionGuid = {4BE3AA7F-40B2-44A6-831D-F4D288A82949}
	EndGlobalSection
EndGlobal
